
Microsoft Visual Studio Solution File, Format Version 12.00
# Visual Studio Version 17
VisualStudioVersion = 17.7.34202.233
MinimumVisualStudioVersion = 10.0.40219.1
Project("{FAE04EC0-301F-11D3-BF4B-00C04F79EFBC}") = "assignment 6_1", "assignment 6_1\assignment 6_1.csproj", "{FAC962D1-2AF0-4468-B7C2-D973BDF438C3}"
EndProject
Global
	GlobalSection(SolutionConfigurationPlatforms) = preSolution
		Debug|Any CPU = Debug|Any CPU
		Release|Any CPU = Release|Any CPU
	EndGlobalSection
	GlobalSection(ProjectConfigurationPlatforms) = postSolution
		{FAC962D1-2AF0-4468-B7C2-D973BDF438C3}.Debug|Any CPU.ActiveCfg = Debug|Any CPU
		{FAC962D1-2AF0-4468-B7C2-D973BDF438C3}.Debug|Any CPU.Build.0 = Debug|Any CPU
		{FAC962D1-2AF0-4468-B7C2-D973BDF438C3}.Release|Any CPU.ActiveCfg = Release|Any CPU
		{FAC962D1-2AF0-4468-B7C2-D973BDF438C3}.Release|Any CPU.Build.0 = Release|Any CPU
	EndGlobalSection
	GlobalSection(SolutionProperties) = preSolution
		HideSolutionNode = FALSE
	EndGlobalSection
	GlobalSection(ExtensibilityGlobals) = postSolution
		SolutionGuid = {216649ED-999C-4BA9-B871-015B37C30584}
	EndGlobalSection
EndGlobal
