
Microsoft Visual Studio Solution File, Format Version 12.00
# Visual Studio Version 17
VisualStudioVersion = 17.7.34202.233
MinimumVisualStudioVersion = 10.0.40219.1
Project("{FAE04EC0-301F-11D3-BF4B-00C04F79EFBC}") = "assignment 6_2", "assignment 6_2\assignment 6_2.csproj", "{599B07E2-5DC9-4229-A53D-BA4F97F2AA65}"
EndProject
Global
	GlobalSection(SolutionConfigurationPlatforms) = preSolution
		Debug|Any CPU = Debug|Any CPU
		Release|Any CPU = Release|Any CPU
	EndGlobalSection
	GlobalSection(ProjectConfigurationPlatforms) = postSolution
		{599B07E2-5DC9-4229-A53D-BA4F97F2AA65}.Debug|Any CPU.ActiveCfg = Debug|Any CPU
		{599B07E2-5DC9-4229-A53D-BA4F97F2AA65}.Debug|Any CPU.Build.0 = Debug|Any CPU
		{599B07E2-5DC9-4229-A53D-BA4F97F2AA65}.Release|Any CPU.ActiveCfg = Release|Any CPU
		{599B07E2-5DC9-4229-A53D-BA4F97F2AA65}.Release|Any CPU.Build.0 = Release|Any CPU
	EndGlobalSection
	GlobalSection(SolutionProperties) = preSolution
		HideSolutionNode = FALSE
	EndGlobalSection
	GlobalSection(ExtensibilityGlobals) = postSolution
		SolutionGuid = {EEBF1F84-2307-4FFA-9528-542342F5A241}
	EndGlobalSection
EndGlobal
